
Microsoft Visual Studio Solution File, Format Version 12.00
# Visual Studio Version 17
VisualStudioVersion = 17.13.35825.156
MinimumVisualStudioVersion = 10.0.40219.1
Project("{9A19103F-16F7-4668-BE54-9A1E7A4F7556}") = "SIDCOP_Backend.Entities", "SIDCOP_Backend.Entities\SIDCOP_Backend.Entities.csproj", "{6D8AAC9A-A5CD-45FF-B265-B156B6B32D05}"
EndProject
Project("{9A19103F-16F7-4668-BE54-9A1E7A4F7556}") = "SIDCOP_Backend.DataAccess", "SIDCOP_Backend.DataAccess\SIDCOP_Backend.DataAccess.csproj", "{5155B015-CC89-4A1A-84F7-05831A67207E}"
EndProject
Project("{9A19103F-16F7-4668-BE54-9A1E7A4F7556}") = "SIDCOP_Backend.BusinessLogic", "SIDCOP_Backend.BusinessLogic\SIDCOP_Backend.BusinessLogic.csproj", "{0C079E27-A557-48CB-BCC9-7E0E18ED975D}"
EndProject
Project("{9A19103F-16F7-4668-BE54-9A1E7A4F7556}") = "Api_SIDCOP.API", "Api_SIDCOP.API\Api_SIDCOP.API.csproj", "{18AA9EE8-B8A7-4935-BE1F-076C4E922760}"
EndProject
Project("{C9674DCB-5085-4A16-B785-4C70DD1589BD}") = "SIDCOP_Backend.ETL", "SIDCOP_Backend.ETL\SIDCOP_Backend.ETL.dtproj", "{DE123331-39D3-7106-8F60-CD8F54860FFB}"
EndProject
Project("{9A19103F-16F7-4668-BE54-9A1E7A4F7556}") = "SIDCOP.UnitTest", "SIDCOP.UnitTest\SIDCOP.UnitTest.csproj", "{C4A25F52-93FA-4A74-99C5-EC5890231897}"
EndProject
Project("{FAE04EC0-301F-11D3-BF4B-00C04F79EFBC}") = "SIDCOP.IntegrationTest", "SIDCOP.IntegrationTest\SIDCOP.IntegrationTest.csproj", "{B6FB55D6-2499-49A9-A639-45BFC05F631B}"
EndProject
Global
	GlobalSection(SolutionConfigurationPlatforms) = preSolution
		Debug|Any CPU = Debug|Any CPU
		Development|Any CPU = Development|Any CPU
		Release|Any CPU = Release|Any CPU
	EndGlobalSection
	GlobalSection(ProjectConfigurationPlatforms) = postSolution
		{6D8AAC9A-A5CD-45FF-B265-B156B6B32D05}.Debug|Any CPU.ActiveCfg = Debug|Any CPU
		{6D8AAC9A-A5CD-45FF-B265-B156B6B32D05}.Debug|Any CPU.Build.0 = Debug|Any CPU
		{6D8AAC9A-A5CD-45FF-B265-B156B6B32D05}.Development|Any CPU.ActiveCfg = Release|Any CPU
		{6D8AAC9A-A5CD-45FF-B265-B156B6B32D05}.Development|Any CPU.Build.0 = Release|Any CPU
		{6D8AAC9A-A5CD-45FF-B265-B156B6B32D05}.Release|Any CPU.ActiveCfg = Release|Any CPU
		{6D8AAC9A-A5CD-45FF-B265-B156B6B32D05}.Release|Any CPU.Build.0 = Release|Any CPU
		{5155B015-CC89-4A1A-84F7-05831A67207E}.Debug|Any CPU.ActiveCfg = Debug|Any CPU
		{5155B015-CC89-4A1A-84F7-05831A67207E}.Debug|Any CPU.Build.0 = Debug|Any CPU
		{5155B015-CC89-4A1A-84F7-05831A67207E}.Development|Any CPU.ActiveCfg = Release|Any CPU
		{5155B015-CC89-4A1A-84F7-05831A67207E}.Development|Any CPU.Build.0 = Release|Any CPU
		{5155B015-CC89-4A1A-84F7-05831A67207E}.Release|Any CPU.ActiveCfg = Release|Any CPU
		{5155B015-CC89-4A1A-84F7-05831A67207E}.Release|Any CPU.Build.0 = Release|Any CPU
		{0C079E27-A557-48CB-BCC9-7E0E18ED975D}.Debug|Any CPU.ActiveCfg = Debug|Any CPU
		{0C079E27-A557-48CB-BCC9-7E0E18ED975D}.Debug|Any CPU.Build.0 = Debug|Any CPU
		{0C079E27-A557-48CB-BCC9-7E0E18ED975D}.Development|Any CPU.ActiveCfg = Release|Any CPU
		{0C079E27-A557-48CB-BCC9-7E0E18ED975D}.Development|Any CPU.Build.0 = Release|Any CPU
		{0C079E27-A557-48CB-BCC9-7E0E18ED975D}.Release|Any CPU.ActiveCfg = Release|Any CPU
		{0C079E27-A557-48CB-BCC9-7E0E18ED975D}.Release|Any CPU.Build.0 = Release|Any CPU
		{18AA9EE8-B8A7-4935-BE1F-076C4E922760}.Debug|Any CPU.ActiveCfg = Debug|Any CPU
		{18AA9EE8-B8A7-4935-BE1F-076C4E922760}.Debug|Any CPU.Build.0 = Debug|Any CPU
		{18AA9EE8-B8A7-4935-BE1F-076C4E922760}.Development|Any CPU.ActiveCfg = Release|Any CPU
		{18AA9EE8-B8A7-4935-BE1F-076C4E922760}.Development|Any CPU.Build.0 = Release|Any CPU
		{18AA9EE8-B8A7-4935-BE1F-076C4E922760}.Release|Any CPU.ActiveCfg = Release|Any CPU
		{18AA9EE8-B8A7-4935-BE1F-076C4E922760}.Release|Any CPU.Build.0 = Release|Any CPU
		{DE123331-39D3-7106-8F60-CD8F54860FFB}.Debug|Any CPU.ActiveCfg = Development
		{DE123331-39D3-7106-8F60-CD8F54860FFB}.Debug|Any CPU.Build.0 = Development
		{DE123331-39D3-7106-8F60-CD8F54860FFB}.Development|Any CPU.ActiveCfg = Development
		{DE123331-39D3-7106-8F60-CD8F54860FFB}.Development|Any CPU.Build.0 = Development
		{DE123331-39D3-7106-8F60-CD8F54860FFB}.Release|Any CPU.ActiveCfg = Development
		{DE123331-39D3-7106-8F60-CD8F54860FFB}.Release|Any CPU.Build.0 = Development
		{C4A25F52-93FA-4A74-99C5-EC5890231897}.Debug|Any CPU.ActiveCfg = Debug|Any CPU
		{C4A25F52-93FA-4A74-99C5-EC5890231897}.Debug|Any CPU.Build.0 = Debug|Any CPU
		{C4A25F52-93FA-4A74-99C5-EC5890231897}.Development|Any CPU.ActiveCfg = Release|Any CPU
		{C4A25F52-93FA-4A74-99C5-EC5890231897}.Development|Any CPU.Build.0 = Release|Any CPU
		{C4A25F52-93FA-4A74-99C5-EC5890231897}.Release|Any CPU.ActiveCfg = Release|Any CPU
		{C4A25F52-93FA-4A74-99C5-EC5890231897}.Release|Any CPU.Build.0 = Release|Any CPU
		{B6FB55D6-2499-49A9-A639-45BFC05F631B}.Debug|Any CPU.ActiveCfg = Debug|Any CPU
		{B6FB55D6-2499-49A9-A639-45BFC05F631B}.Debug|Any CPU.Build.0 = Debug|Any CPU
		{B6FB55D6-2499-49A9-A639-45BFC05F631B}.Development|Any CPU.ActiveCfg = Debug|Any CPU
		{B6FB55D6-2499-49A9-A639-45BFC05F631B}.Development|Any CPU.Build.0 = Debug|Any CPU
		{B6FB55D6-2499-49A9-A639-45BFC05F631B}.Release|Any CPU.ActiveCfg = Release|Any CPU
		{B6FB55D6-2499-49A9-A639-45BFC05F631B}.Release|Any CPU.Build.0 = Release|Any CPU
	EndGlobalSection
	GlobalSection(SolutionProperties) = preSolution
		HideSolutionNode = FALSE
	EndGlobalSection
	GlobalSection(ExtensibilityGlobals) = postSolution
		SolutionGuid = {11AC0579-C501-449A-8F5F-A27CC428BB96}
	EndGlobalSection
EndGlobal
